
Microsoft Visual Studio Solution File, Format Version 12.00
# Visual Studio Version 17
VisualStudioVersion = 17.4.33205.214
MinimumVisualStudioVersion = 10.0.40219.1
Project("{FAE04EC0-301F-11D3-BF4B-00C04F79EFBC}") = "generatorHasla", "generatorHasla\generatorHasla.csproj", "{B7592372-BDED-43D5-92E0-588211CBC7FE}"
EndProject
Global
	GlobalSection(SolutionConfigurationPlatforms) = preSolution
		Debug|Any CPU = Debug|Any CPU
		Release|Any CPU = Release|Any CPU
	EndGlobalSection
	GlobalSection(ProjectConfigurationPlatforms) = postSolution
		{B7592372-BDED-43D5-92E0-588211CBC7FE}.Debug|Any CPU.ActiveCfg = Debug|Any CPU
		{B7592372-BDED-43D5-92E0-588211CBC7FE}.Debug|Any CPU.Build.0 = Debug|Any CPU
		{B7592372-BDED-43D5-92E0-588211CBC7FE}.Release|Any CPU.ActiveCfg = Release|Any CPU
		{B7592372-BDED-43D5-92E0-588211CBC7FE}.Release|Any CPU.Build.0 = Release|Any CPU
	EndGlobalSection
	GlobalSection(SolutionProperties) = preSolution
		HideSolutionNode = FALSE
	EndGlobalSection
	GlobalSection(ExtensibilityGlobals) = postSolution
		SolutionGuid = {8E58123C-9D0C-4A90-B7C3-9147D39597C9}
	EndGlobalSection
EndGlobal
